<?xml version="1.0" encoding="utf-8"?>
<Project ToolsVersion="4.0" xmlns="http://schemas.microsoft.com/developer/msbuild/2003">
  <ItemGroup>
    <Filter Include="Source Files">
      <UniqueIdentifier>{4FC737F1-C7A5-4376-A066-2A32D752A2FF}</UniqueIdentifier>
      <Extensions>cpp;c;cc;cxx;def;odl;idl;hpj;bat;asm;asmx</Extensions>
    </Filter>
    <Filter Include="Header Files">
      <UniqueIdentifier>{93995380-89BD-4b04-88EB-625FBE52EBFB}</UniqueIdentifier>
      <Extensions>h;hh;hpp;hxx;hm;inl;inc;ipp;xsd</Extensions>
    </Filter>
    <Filter Include="Resource Files">
      <UniqueIdentifier>{67DA6AB6-F800-4c08-8B7A-83BB121AAD01}</UniqueIdentifier>
      <Extensions>rc;ico;cur;bmp;dlg;rc2;rct;bin;rgs;gif;jpg;jpeg;jpe;resx;tiff;tif;png;wav;mfcribbon-ms</Extensions>
    </Filter>
    <Filter Include="Header Files\Lib">
      <UniqueIdentifier>{04939e06-98c7-4b06-8b26-b7c6445fba71}</UniqueIdentifier>
    </Filter>
    <Filter Include="Source Files\Lib">
      <UniqueIdentifier>{87b98122-79e7-4a0c-9d55-5f069670e115}</UniqueIdentifier>
    </Filter>
  </ItemGroup>
  <ItemGroup>
    <ClInclude Include="Include\character.h">
      <Filter>Header Files</Filter>
    </ClInclude>
    <ClInclude Include="Include\dialog.h">
      <Filter>Header Files</Filter>
    </ClInclude>
    <ClInclude Include="Include\drawableentity.h">
      <Filter>Header Files</Filter>
    </ClInclude>
    <ClInclude Include="Include\engine.h">
      <Filter>Header Files</Filter>
    </ClInclude>
    <ClInclude Include="Include\entity.h">
      <Filter>Header Files</Filter>
    </ClInclude>
    <ClInclude Include="Include\graphicfont.h">
      <Filter>Header Files</Filter>
    </ClInclude>
    <ClInclude Include="Include\graphics.h">
      <Filter>Header Files</Filter>
    </ClInclude>
    <ClInclude Include="Include\map.h">
      <Filter>Header Files</Filter>
    </ClInclude>
    <ClInclude Include="Include\misc.h">
      <Filter>Header Files</Filter>
    </ClInclude>
    <ClInclude Include="Include\render.h">
      <Filter>Header Files</Filter>
    </ClInclude>
    <ClInclude Include="Include\Lib\BufferedFile.h">
      <Filter>Header Files\Lib</Filter>
    </ClInclude>
    <ClInclude Include="Include\Lib\getvar.h">
      <Filter>Header Files\Lib</Filter>
    </ClInclude>
    <ClInclude Include="Include\Lib\socket.h">
      <Filter>Header Files\Lib</Filter>
    </ClInclude>
    <ClInclude Include="Include\Lib\stringutils.h">
      <Filter>Header Files\Lib</Filter>
    </ClInclude>
  </ItemGroup>
  <ItemGroup>
    <ClCompile Include="Source\character.cpp">
      <Filter>Source Files</Filter>
    </ClCompile>
    <ClCompile Include="Source\dialog.cpp">
      <Filter>Source Files</Filter>
    </ClCompile>
    <ClCompile Include="Source\drawableentity.cpp">
      <Filter>Source Files</Filter>
    </ClCompile>
    <ClCompile Include="Source\engine.cpp">
      <Filter>Source Files</Filter>
    </ClCompile>
    <ClCompile Include="Source\entity.cpp">
      <Filter>Source Files</Filter>
    </ClCompile>
    <ClCompile Include="Source\graphicfont.cpp">
      <Filter>Source Files</Filter>
    </ClCompile>
    <ClCompile Include="Source\graphics.cpp">
      <Filter>Source Files</Filter>
    </ClCompile>
    <ClCompile Include="Source\main.cpp">
      <Filter>Source Files</Filter>
    </ClCompile>
    <ClCompile Include="Source\map.cpp">
      <Filter>Source Files</Filter>
    </ClCompile>
    <ClCompile Include="Source\render.cpp">
      <Filter>Source Files</Filter>
    </ClCompile>
    <ClCompile Include="Source\Lib\bufferedfile.cpp">
      <Filter>Source Files\Lib</Filter>
    </ClCompile>
    <ClCompile Include="Source\Lib\getvar.cpp">
      <Filter>Source Files\Lib</Filter>
    </ClCompile>
    <ClCompile Include="Source\Lib\stringutils.cpp">
      <Filter>Source Files\Lib</Filter>
    </ClCompile>
  </ItemGroup>
</Project>